
Microsoft Visual Studio Solution File, Format Version 12.00
# Visual Studio Version 17
VisualStudioVersion = 17.9.34622.214
MinimumVisualStudioVersion = 10.0.40219.1
Project("{FAE04EC0-301F-11D3-BF4B-00C04F79EFBC}") = "Aventura Solo", "Aventura Solo\Aventura Solo.csproj", "{7E3F98BD-EACF-4DA7-913E-5C0E6CF7D729}"
EndProject
Global
	GlobalSection(SolutionConfigurationPlatforms) = preSolution
		Debug|Any CPU = Debug|Any CPU
		Release|Any CPU = Release|Any CPU
	EndGlobalSection
	GlobalSection(ProjectConfigurationPlatforms) = postSolution
		{7E3F98BD-EACF-4DA7-913E-5C0E6CF7D729}.Debug|Any CPU.ActiveCfg = Debug|Any CPU
		{7E3F98BD-EACF-4DA7-913E-5C0E6CF7D729}.Debug|Any CPU.Build.0 = Debug|Any CPU
		{7E3F98BD-EACF-4DA7-913E-5C0E6CF7D729}.Release|Any CPU.ActiveCfg = Release|Any CPU
		{7E3F98BD-EACF-4DA7-913E-5C0E6CF7D729}.Release|Any CPU.Build.0 = Release|Any CPU
	EndGlobalSection
	GlobalSection(SolutionProperties) = preSolution
		HideSolutionNode = FALSE
	EndGlobalSection
	GlobalSection(ExtensibilityGlobals) = postSolution
		SolutionGuid = {56C212F6-96AC-4407-A1F6-590B5A2FE8E2}
	EndGlobalSection
EndGlobal
